
Microsoft Visual Studio Solution File, Format Version 12.00
# Visual Studio 15
VisualStudioVersion = 15.0.28307.645
MinimumVisualStudioVersion = 10.0.40219.1
Project("{FAE04EC0-301F-11D3-BF4B-00C04F79EFBC}") = "Tobii Server", "Tobii Cursor\Tobii Server.csproj", "{FE7BC114-566F-41C1-A254-298EFC0BAF54}"
EndProject
Global
	GlobalSection(SolutionConfigurationPlatforms) = preSolution
		Debug|Any CPU = Debug|Any CPU
		Release|Any CPU = Release|Any CPU
	EndGlobalSection
	GlobalSection(ProjectConfigurationPlatforms) = postSolution
		{FE7BC114-566F-41C1-A254-298EFC0BAF54}.Debug|Any CPU.ActiveCfg = Debug|Any CPU
		{FE7BC114-566F-41C1-A254-298EFC0BAF54}.Debug|Any CPU.Build.0 = Debug|Any CPU
		{FE7BC114-566F-41C1-A254-298EFC0BAF54}.Release|Any CPU.ActiveCfg = Debug|Any CPU
		{FE7BC114-566F-41C1-A254-298EFC0BAF54}.Release|Any CPU.Build.0 = Debug|Any CPU
	EndGlobalSection
	GlobalSection(SolutionProperties) = preSolution
		HideSolutionNode = FALSE
	EndGlobalSection
	GlobalSection(ExtensibilityGlobals) = postSolution
		SolutionGuid = {347C483E-ED03-43FC-8555-D84A308A6FD8}
	EndGlobalSection
	GlobalSection(Performance) = preSolution
		HasPerformanceSessions = true
	EndGlobalSection
	GlobalSection(Performance) = preSolution
		HasPerformanceSessions = true
	EndGlobalSection
EndGlobal
